
Microsoft Visual Studio Solution File, Format Version 12.00
# Visual Studio Version 16
VisualStudioVersion = 16.0.29519.87
MinimumVisualStudioVersion = 10.0.40219.1
Project("{FAE04EC0-301F-11D3-BF4B-00C04F79EFBC}") = "Google Calendar Cleaner", "Google Calendar Cleaner\Google Calendar Cleaner.csproj", "{DCF67A0F-E240-4D3F-ACC6-D007B8FF47E8}"
EndProject
Global
	GlobalSection(SolutionConfigurationPlatforms) = preSolution
		Debug|Any CPU = Debug|Any CPU
		Release|Any CPU = Release|Any CPU
	EndGlobalSection
	GlobalSection(ProjectConfigurationPlatforms) = postSolution
		{DCF67A0F-E240-4D3F-ACC6-D007B8FF47E8}.Debug|Any CPU.ActiveCfg = Debug|Any CPU
		{DCF67A0F-E240-4D3F-ACC6-D007B8FF47E8}.Debug|Any CPU.Build.0 = Debug|Any CPU
		{DCF67A0F-E240-4D3F-ACC6-D007B8FF47E8}.Release|Any CPU.ActiveCfg = Release|Any CPU
		{DCF67A0F-E240-4D3F-ACC6-D007B8FF47E8}.Release|Any CPU.Build.0 = Release|Any CPU
	EndGlobalSection
	GlobalSection(SolutionProperties) = preSolution
		HideSolutionNode = FALSE
	EndGlobalSection
	GlobalSection(ExtensibilityGlobals) = postSolution
		SolutionGuid = {AEBD994B-2047-4E53-A546-5D8825B58019}
	EndGlobalSection
EndGlobal
